
Microsoft Visual Studio Solution File, Format Version 12.00
# Visual Studio 15
VisualStudioVersion = 15.0.26430.6
MinimumVisualStudioVersion = 10.0.40219.1
Project("{FAE04EC0-301F-11D3-BF4B-00C04F79EFBC}") = "SmearTracer.Model", "SmearTracer.Model\SmearTracer.Model.csproj", "{0CE3FEC9-6FC0-4040-BB59-4BD7B514EAD2}"
EndProject
Project("{FAE04EC0-301F-11D3-BF4B-00C04F79EFBC}") = "SmearTracer.Wpf", "SmearTracer.Wpf\SmearTracer.Wpf.csproj", "{9F648D04-61AD-4BEA-AF32-52C09A5423C3}"
EndProject
Project("{FAE04EC0-301F-11D3-BF4B-00C04F79EFBC}") = "SmearTracer.AL", "SmearTracer.AL\SmearTracer.AL.csproj", "{D8AA76C1-97C4-4BFC-968F-A27F81211267}"
EndProject
Project("{FAE04EC0-301F-11D3-BF4B-00C04F79EFBC}") = "SmearTracer.AL.Tests", "SmearTracer.AL.Tests\SmearTracer.AL.Tests.csproj", "{A57CE1F3-DDCE-4404-ACF3-3B009504EE0C}"
EndProject
Project("{FAE04EC0-301F-11D3-BF4B-00C04F79EFBC}") = "SmearTracer.BLL", "SmearTracer.BLL\SmearTracer.BLL.csproj", "{203E2F48-86F6-4DF8-8678-AE9F80D4D50D}"
EndProject
Global
	GlobalSection(SolutionConfigurationPlatforms) = preSolution
		Debug|Any CPU = Debug|Any CPU
		Release|Any CPU = Release|Any CPU
	EndGlobalSection
	GlobalSection(ProjectConfigurationPlatforms) = postSolution
		{0CE3FEC9-6FC0-4040-BB59-4BD7B514EAD2}.Debug|Any CPU.ActiveCfg = Debug|Any CPU
		{0CE3FEC9-6FC0-4040-BB59-4BD7B514EAD2}.Debug|Any CPU.Build.0 = Debug|Any CPU
		{0CE3FEC9-6FC0-4040-BB59-4BD7B514EAD2}.Release|Any CPU.ActiveCfg = Release|Any CPU
		{0CE3FEC9-6FC0-4040-BB59-4BD7B514EAD2}.Release|Any CPU.Build.0 = Release|Any CPU
		{9F648D04-61AD-4BEA-AF32-52C09A5423C3}.Debug|Any CPU.ActiveCfg = Debug|Any CPU
		{9F648D04-61AD-4BEA-AF32-52C09A5423C3}.Debug|Any CPU.Build.0 = Debug|Any CPU
		{9F648D04-61AD-4BEA-AF32-52C09A5423C3}.Release|Any CPU.ActiveCfg = Release|Any CPU
		{9F648D04-61AD-4BEA-AF32-52C09A5423C3}.Release|Any CPU.Build.0 = Release|Any CPU
		{D8AA76C1-97C4-4BFC-968F-A27F81211267}.Debug|Any CPU.ActiveCfg = Debug|Any CPU
		{D8AA76C1-97C4-4BFC-968F-A27F81211267}.Debug|Any CPU.Build.0 = Debug|Any CPU
		{D8AA76C1-97C4-4BFC-968F-A27F81211267}.Release|Any CPU.ActiveCfg = Release|Any CPU
		{D8AA76C1-97C4-4BFC-968F-A27F81211267}.Release|Any CPU.Build.0 = Release|Any CPU
		{A57CE1F3-DDCE-4404-ACF3-3B009504EE0C}.Debug|Any CPU.ActiveCfg = Debug|Any CPU
		{A57CE1F3-DDCE-4404-ACF3-3B009504EE0C}.Debug|Any CPU.Build.0 = Debug|Any CPU
		{A57CE1F3-DDCE-4404-ACF3-3B009504EE0C}.Release|Any CPU.ActiveCfg = Release|Any CPU
		{A57CE1F3-DDCE-4404-ACF3-3B009504EE0C}.Release|Any CPU.Build.0 = Release|Any CPU
		{203E2F48-86F6-4DF8-8678-AE9F80D4D50D}.Debug|Any CPU.ActiveCfg = Debug|Any CPU
		{203E2F48-86F6-4DF8-8678-AE9F80D4D50D}.Debug|Any CPU.Build.0 = Debug|Any CPU
		{203E2F48-86F6-4DF8-8678-AE9F80D4D50D}.Release|Any CPU.ActiveCfg = Release|Any CPU
		{203E2F48-86F6-4DF8-8678-AE9F80D4D50D}.Release|Any CPU.Build.0 = Release|Any CPU
	EndGlobalSection
	GlobalSection(SolutionProperties) = preSolution
		HideSolutionNode = FALSE
	EndGlobalSection
EndGlobal
